
Microsoft Visual Studio Solution File, Format Version 12.00
# Visual Studio Version 17
VisualStudioVersion = 17.0.32014.148
MinimumVisualStudioVersion = 10.0.40219.1
Project("{2150E333-8FDC-42A3-9474-1A3956D46DE8}") = "src", "src", "{190F6598-3716-45D5-95B9-B8445CD93C03}"
EndProject
Project("{2150E333-8FDC-42A3-9474-1A3956D46DE8}") = "tests", "tests", "{C711FDDA-E4A9-4411-B166-4D4160D6F48F}"
EndProject
Project("{2150E333-8FDC-42A3-9474-1A3956D46DE8}") = "Core", "Core", "{739CEE20-4A1E-43ED-851E-A0A858B03274}"
EndProject
Project("{9A19103F-16F7-4668-BE54-9A1E7A4F7556}") = "Core.Entities", "src\Core\Core.Entities\Core.Entities.csproj", "{CA6002D0-0B66-4903-8FBA-C484F123335C}"
EndProject
Project("{2150E333-8FDC-42A3-9474-1A3956D46DE8}") = "Utilities", "Utilities", "{407E7216-F92E-4892-934E-8820759C842C}"
EndProject
Project("{9A19103F-16F7-4668-BE54-9A1E7A4F7556}") = "Core.Utilities.Results", "src\Core\Utilities\Core.Utilities.Results\Core.Utilities.Results.csproj", "{EE52A818-6A0E-4AE1-B63B-22333A4A8121}"
EndProject
Project("{2150E333-8FDC-42A3-9474-1A3956D46DE8}") = "Core", "Core", "{E4854011-413B-4736-88E4-C60761E47CD5}"
EndProject
Project("{2150E333-8FDC-42A3-9474-1A3956D46DE8}") = "Utilities", "Utilities", "{324DC329-4B93-471E-B453-8AA7BE194357}"
EndProject
Project("{9A19103F-16F7-4668-BE54-9A1E7A4F7556}") = "Core.Utilities.Results.Tests", "tests\Core\Utilities\Core.Utilities.Results.Tests\Core.Utilities.Results.Tests.csproj", "{66FCA3A8-E685-484B-8958-FF324394088F}"
EndProject
Project("{2150E333-8FDC-42A3-9474-1A3956D46DE8}") = "Mapping", "Mapping", "{6ADDFCB2-4435-43D7-B652-83224B0DD22E}"
EndProject
Project("{9A19103F-16F7-4668-BE54-9A1E7A4F7556}") = "Core.Utilities.Mapping", "src\Core\Utilities\Mapping\Core.Utilities.Mapping\Core.Utilities.Mapping.csproj", "{7BD356A2-6DDB-4E68-8998-2083A93B0608}"
EndProject
Project("{9A19103F-16F7-4668-BE54-9A1E7A4F7556}") = "Core.Utilities.Mapping.AutoMapper", "src\Core\Utilities\Mapping\Core.Utilities.Mapping.AutoMapper\Core.Utilities.Mapping.AutoMapper.csproj", "{699DE663-748B-439C-B418-2BE0CCC5A195}"
EndProject
Project("{9A19103F-16F7-4668-BE54-9A1E7A4F7556}") = "Core.Utilities.Mapping.MapsterMapper", "src\Core\Utilities\Mapping\Core.Utilities.Mapping.MapsterMapper\Core.Utilities.Mapping.MapsterMapper.csproj", "{8E1A28F3-D8E2-42F5-B4AA-524B0CB1A2E8}"
EndProject
Project("{2150E333-8FDC-42A3-9474-1A3956D46DE8}") = "DataAccess", "DataAccess", "{FADA74C7-E065-4A23-83B8-CA7765A3453D}"
EndProject
Project("{9A19103F-16F7-4668-BE54-9A1E7A4F7556}") = "Core.DataAccess", "src\Core\DataAccess\Core.DataAccess\Core.DataAccess.csproj", "{E0532B49-F5BF-408B-8EAD-DD7978D5C9AB}"
EndProject
Project("{9A19103F-16F7-4668-BE54-9A1E7A4F7556}") = "Core.DataAccess.EntityFramework", "src\Core\DataAccess\Core.DataAccess.EntityFramework\Core.DataAccess.EntityFramework.csproj", "{54531AE6-CA72-4BB7-B2DE-D2AD135CC350}"
EndProject
Project("{9A19103F-16F7-4668-BE54-9A1E7A4F7556}") = "Core.DataAccess.Mongo", "src\Core\DataAccess\Core.DataAccess.Mongo\Core.DataAccess.Mongo.csproj", "{9BBC5D98-3C06-4BE1-B7F1-8DD4FD2542D5}"
EndProject
Project("{9A19103F-16F7-4668-BE54-9A1E7A4F7556}") = "Core.DI", "src\Core\Core.DI\Core.DI.csproj", "{9B3275E9-00A5-4C56-9F9D-8BFC2F8AD567}"
EndProject
Project("{2150E333-8FDC-42A3-9474-1A3956D46DE8}") = "Validation", "Validation", "{ACF771ED-8D7D-40EF-973A-6583DCD5F8A9}"
EndProject
Project("{9A19103F-16F7-4668-BE54-9A1E7A4F7556}") = "Core.Validation", "src\Core\Validation\Core.Validation\Core.Validation.csproj", "{B2C0E6FD-56F7-4D17-9234-1FA8C128B304}"
EndProject
Project("{9A19103F-16F7-4668-BE54-9A1E7A4F7556}") = "Core.Validation.FluentValidation", "src\Core\Validation\Core.Validation.FluentValidation\Core.Validation.FluentValidation.csproj", "{D6BDB0EF-2DEE-45D6-9BDC-358309922E69}"
EndProject
Project("{2150E333-8FDC-42A3-9474-1A3956D46DE8}") = "Validation", "Validation", "{CB53D559-34AB-4018-BA3B-63D6D5481D73}"
EndProject
Project("{9A19103F-16F7-4668-BE54-9A1E7A4F7556}") = "Core.Validation.FluentValidation.Tests", "tests\Core\Validation\Core.Validation.FluentValidation.Tests\Core.Validation.FluentValidation.Tests.csproj", "{AA48E94F-AACC-4816-8CCB-17BC0EC35D45}"
EndProject
Project("{9A19103F-16F7-4668-BE54-9A1E7A4F7556}") = "Core.Extensions", "src\Core\Core.Extensions\Core.Extensions.csproj", "{3E518C47-82D5-4D39-9769-B93A4D96B148}"
EndProject
Project("{2150E333-8FDC-42A3-9474-1A3956D46DE8}") = "Aspects", "Aspects", "{F50F6990-2174-4A0B-95C5-A72F00382DC9}"
EndProject
Project("{2150E333-8FDC-42A3-9474-1A3956D46DE8}") = "Aspects", "Aspects", "{8277BCB0-341C-4D45-8395-3AA5E3F3CFD8}"
EndProject
Project("{2150E333-8FDC-42A3-9474-1A3956D46DE8}") = "PostSharp", "PostSharp", "{F91C59DE-696F-400E-9261-9DF303163605}"
EndProject
Project("{9A19103F-16F7-4668-BE54-9A1E7A4F7556}") = "Core.Aspects.PostSharp.Validation", "src\Core\Aspects\PostSharp\Core.Aspects.PostSharp.Validation\Core.Aspects.PostSharp.Validation.csproj", "{FE95F088-7B79-4355-80D1-76FABAD13484}"
EndProject
Project("{2150E333-8FDC-42A3-9474-1A3956D46DE8}") = "PostSharp", "PostSharp", "{2AAEB3F9-D220-446F-8C73-18C6CF46B42C}"
EndProject
Project("{9A19103F-16F7-4668-BE54-9A1E7A4F7556}") = "Core.Aspects.PostSharp.Validation.Tests", "tests\Core\Aspects\PostSharp\Core.Aspects.PostSharp.Validation.Tests\Core.Aspects.PostSharp.Validation.Tests.csproj", "{840326E9-36C0-4E3F-A442-6BEB33EEDE3A}"
EndProject
Project("{2150E333-8FDC-42A3-9474-1A3956D46DE8}") = "Exceptions", "Exceptions", "{7003F936-4E49-4106-883B-DB7F287E6A62}"
EndProject
Project("{FAE04EC0-301F-11D3-BF4B-00C04F79EFBC}") = "Core.Exceptions", "src\Core\Exceptions\Core.Exceptions\Core.Exceptions.csproj", "{FEF439BD-453A-4FC5-B390-30CB59D0E233}"
EndProject
Project("{FAE04EC0-301F-11D3-BF4B-00C04F79EFBC}") = "Core.ExceptionHandlers", "src\Core\Exceptions\Core.ExceptionHandlers\Core.ExceptionHandlers.csproj", "{4F763C49-76A7-4C73-A48A-9AD4C25C7704}"
EndProject
Global
	GlobalSection(SolutionConfigurationPlatforms) = preSolution
		Debug|Any CPU = Debug|Any CPU
		Debug|x64 = Debug|x64
		Debug|x86 = Debug|x86
		Release|Any CPU = Release|Any CPU
		Release|x64 = Release|x64
		Release|x86 = Release|x86
	EndGlobalSection
	GlobalSection(ProjectConfigurationPlatforms) = postSolution
		{CA6002D0-0B66-4903-8FBA-C484F123335C}.Debug|Any CPU.ActiveCfg = Debug|Any CPU
		{CA6002D0-0B66-4903-8FBA-C484F123335C}.Debug|Any CPU.Build.0 = Debug|Any CPU
		{CA6002D0-0B66-4903-8FBA-C484F123335C}.Debug|x64.ActiveCfg = Debug|Any CPU
		{CA6002D0-0B66-4903-8FBA-C484F123335C}.Debug|x64.Build.0 = Debug|Any CPU
		{CA6002D0-0B66-4903-8FBA-C484F123335C}.Debug|x86.ActiveCfg = Debug|Any CPU
		{CA6002D0-0B66-4903-8FBA-C484F123335C}.Debug|x86.Build.0 = Debug|Any CPU
		{CA6002D0-0B66-4903-8FBA-C484F123335C}.Release|Any CPU.ActiveCfg = Release|Any CPU
		{CA6002D0-0B66-4903-8FBA-C484F123335C}.Release|Any CPU.Build.0 = Release|Any CPU
		{CA6002D0-0B66-4903-8FBA-C484F123335C}.Release|x64.ActiveCfg = Release|Any CPU
		{CA6002D0-0B66-4903-8FBA-C484F123335C}.Release|x64.Build.0 = Release|Any CPU
		{CA6002D0-0B66-4903-8FBA-C484F123335C}.Release|x86.ActiveCfg = Release|Any CPU
		{CA6002D0-0B66-4903-8FBA-C484F123335C}.Release|x86.Build.0 = Release|Any CPU
		{EE52A818-6A0E-4AE1-B63B-22333A4A8121}.Debug|Any CPU.ActiveCfg = Debug|Any CPU
		{EE52A818-6A0E-4AE1-B63B-22333A4A8121}.Debug|Any CPU.Build.0 = Debug|Any CPU
		{EE52A818-6A0E-4AE1-B63B-22333A4A8121}.Debug|x64.ActiveCfg = Debug|Any CPU
		{EE52A818-6A0E-4AE1-B63B-22333A4A8121}.Debug|x64.Build.0 = Debug|Any CPU
		{EE52A818-6A0E-4AE1-B63B-22333A4A8121}.Debug|x86.ActiveCfg = Debug|Any CPU
		{EE52A818-6A0E-4AE1-B63B-22333A4A8121}.Debug|x86.Build.0 = Debug|Any CPU
		{EE52A818-6A0E-4AE1-B63B-22333A4A8121}.Release|Any CPU.ActiveCfg = Release|Any CPU
		{EE52A818-6A0E-4AE1-B63B-22333A4A8121}.Release|Any CPU.Build.0 = Release|Any CPU
		{EE52A818-6A0E-4AE1-B63B-22333A4A8121}.Release|x64.ActiveCfg = Release|Any CPU
		{EE52A818-6A0E-4AE1-B63B-22333A4A8121}.Release|x64.Build.0 = Release|Any CPU
		{EE52A818-6A0E-4AE1-B63B-22333A4A8121}.Release|x86.ActiveCfg = Release|Any CPU
		{EE52A818-6A0E-4AE1-B63B-22333A4A8121}.Release|x86.Build.0 = Release|Any CPU
		{66FCA3A8-E685-484B-8958-FF324394088F}.Debug|Any CPU.ActiveCfg = Debug|Any CPU
		{66FCA3A8-E685-484B-8958-FF324394088F}.Debug|Any CPU.Build.0 = Debug|Any CPU
		{66FCA3A8-E685-484B-8958-FF324394088F}.Debug|x64.ActiveCfg = Debug|Any CPU
		{66FCA3A8-E685-484B-8958-FF324394088F}.Debug|x64.Build.0 = Debug|Any CPU
		{66FCA3A8-E685-484B-8958-FF324394088F}.Debug|x86.ActiveCfg = Debug|Any CPU
		{66FCA3A8-E685-484B-8958-FF324394088F}.Debug|x86.Build.0 = Debug|Any CPU
		{66FCA3A8-E685-484B-8958-FF324394088F}.Release|Any CPU.ActiveCfg = Release|Any CPU
		{66FCA3A8-E685-484B-8958-FF324394088F}.Release|Any CPU.Build.0 = Release|Any CPU
		{66FCA3A8-E685-484B-8958-FF324394088F}.Release|x64.ActiveCfg = Release|Any CPU
		{66FCA3A8-E685-484B-8958-FF324394088F}.Release|x64.Build.0 = Release|Any CPU
		{66FCA3A8-E685-484B-8958-FF324394088F}.Release|x86.ActiveCfg = Release|Any CPU
		{66FCA3A8-E685-484B-8958-FF324394088F}.Release|x86.Build.0 = Release|Any CPU
		{7BD356A2-6DDB-4E68-8998-2083A93B0608}.Debug|Any CPU.ActiveCfg = Debug|Any CPU
		{7BD356A2-6DDB-4E68-8998-2083A93B0608}.Debug|Any CPU.Build.0 = Debug|Any CPU
		{7BD356A2-6DDB-4E68-8998-2083A93B0608}.Debug|x64.ActiveCfg = Debug|Any CPU
		{7BD356A2-6DDB-4E68-8998-2083A93B0608}.Debug|x64.Build.0 = Debug|Any CPU
		{7BD356A2-6DDB-4E68-8998-2083A93B0608}.Debug|x86.ActiveCfg = Debug|Any CPU
		{7BD356A2-6DDB-4E68-8998-2083A93B0608}.Debug|x86.Build.0 = Debug|Any CPU
		{7BD356A2-6DDB-4E68-8998-2083A93B0608}.Release|Any CPU.ActiveCfg = Release|Any CPU
		{7BD356A2-6DDB-4E68-8998-2083A93B0608}.Release|Any CPU.Build.0 = Release|Any CPU
		{7BD356A2-6DDB-4E68-8998-2083A93B0608}.Release|x64.ActiveCfg = Release|Any CPU
		{7BD356A2-6DDB-4E68-8998-2083A93B0608}.Release|x64.Build.0 = Release|Any CPU
		{7BD356A2-6DDB-4E68-8998-2083A93B0608}.Release|x86.ActiveCfg = Release|Any CPU
		{7BD356A2-6DDB-4E68-8998-2083A93B0608}.Release|x86.Build.0 = Release|Any CPU
		{699DE663-748B-439C-B418-2BE0CCC5A195}.Debug|Any CPU.ActiveCfg = Debug|Any CPU
		{699DE663-748B-439C-B418-2BE0CCC5A195}.Debug|Any CPU.Build.0 = Debug|Any CPU
		{699DE663-748B-439C-B418-2BE0CCC5A195}.Debug|x64.ActiveCfg = Debug|Any CPU
		{699DE663-748B-439C-B418-2BE0CCC5A195}.Debug|x64.Build.0 = Debug|Any CPU
		{699DE663-748B-439C-B418-2BE0CCC5A195}.Debug|x86.ActiveCfg = Debug|Any CPU
		{699DE663-748B-439C-B418-2BE0CCC5A195}.Debug|x86.Build.0 = Debug|Any CPU
		{699DE663-748B-439C-B418-2BE0CCC5A195}.Release|Any CPU.ActiveCfg = Release|Any CPU
		{699DE663-748B-439C-B418-2BE0CCC5A195}.Release|Any CPU.Build.0 = Release|Any CPU
		{699DE663-748B-439C-B418-2BE0CCC5A195}.Release|x64.ActiveCfg = Release|Any CPU
		{699DE663-748B-439C-B418-2BE0CCC5A195}.Release|x64.Build.0 = Release|Any CPU
		{699DE663-748B-439C-B418-2BE0CCC5A195}.Release|x86.ActiveCfg = Release|Any CPU
		{699DE663-748B-439C-B418-2BE0CCC5A195}.Release|x86.Build.0 = Release|Any CPU
		{8E1A28F3-D8E2-42F5-B4AA-524B0CB1A2E8}.Debug|Any CPU.ActiveCfg = Debug|Any CPU
		{8E1A28F3-D8E2-42F5-B4AA-524B0CB1A2E8}.Debug|Any CPU.Build.0 = Debug|Any CPU
		{8E1A28F3-D8E2-42F5-B4AA-524B0CB1A2E8}.Debug|x64.ActiveCfg = Debug|Any CPU
		{8E1A28F3-D8E2-42F5-B4AA-524B0CB1A2E8}.Debug|x64.Build.0 = Debug|Any CPU
		{8E1A28F3-D8E2-42F5-B4AA-524B0CB1A2E8}.Debug|x86.ActiveCfg = Debug|Any CPU
		{8E1A28F3-D8E2-42F5-B4AA-524B0CB1A2E8}.Debug|x86.Build.0 = Debug|Any CPU
		{8E1A28F3-D8E2-42F5-B4AA-524B0CB1A2E8}.Release|Any CPU.ActiveCfg = Release|Any CPU
		{8E1A28F3-D8E2-42F5-B4AA-524B0CB1A2E8}.Release|Any CPU.Build.0 = Release|Any CPU
		{8E1A28F3-D8E2-42F5-B4AA-524B0CB1A2E8}.Release|x64.ActiveCfg = Release|Any CPU
		{8E1A28F3-D8E2-42F5-B4AA-524B0CB1A2E8}.Release|x64.Build.0 = Release|Any CPU
		{8E1A28F3-D8E2-42F5-B4AA-524B0CB1A2E8}.Release|x86.ActiveCfg = Release|Any CPU
		{8E1A28F3-D8E2-42F5-B4AA-524B0CB1A2E8}.Release|x86.Build.0 = Release|Any CPU
		{E0532B49-F5BF-408B-8EAD-DD7978D5C9AB}.Debug|Any CPU.ActiveCfg = Debug|Any CPU
		{E0532B49-F5BF-408B-8EAD-DD7978D5C9AB}.Debug|Any CPU.Build.0 = Debug|Any CPU
		{E0532B49-F5BF-408B-8EAD-DD7978D5C9AB}.Debug|x64.ActiveCfg = Debug|Any CPU
		{E0532B49-F5BF-408B-8EAD-DD7978D5C9AB}.Debug|x64.Build.0 = Debug|Any CPU
		{E0532B49-F5BF-408B-8EAD-DD7978D5C9AB}.Debug|x86.ActiveCfg = Debug|Any CPU
		{E0532B49-F5BF-408B-8EAD-DD7978D5C9AB}.Debug|x86.Build.0 = Debug|Any CPU
		{E0532B49-F5BF-408B-8EAD-DD7978D5C9AB}.Release|Any CPU.ActiveCfg = Release|Any CPU
		{E0532B49-F5BF-408B-8EAD-DD7978D5C9AB}.Release|Any CPU.Build.0 = Release|Any CPU
		{E0532B49-F5BF-408B-8EAD-DD7978D5C9AB}.Release|x64.ActiveCfg = Release|Any CPU
		{E0532B49-F5BF-408B-8EAD-DD7978D5C9AB}.Release|x64.Build.0 = Release|Any CPU
		{E0532B49-F5BF-408B-8EAD-DD7978D5C9AB}.Release|x86.ActiveCfg = Release|Any CPU
		{E0532B49-F5BF-408B-8EAD-DD7978D5C9AB}.Release|x86.Build.0 = Release|Any CPU
		{54531AE6-CA72-4BB7-B2DE-D2AD135CC350}.Debug|Any CPU.ActiveCfg = Debug|Any CPU
		{54531AE6-CA72-4BB7-B2DE-D2AD135CC350}.Debug|Any CPU.Build.0 = Debug|Any CPU
		{54531AE6-CA72-4BB7-B2DE-D2AD135CC350}.Debug|x64.ActiveCfg = Debug|Any CPU
		{54531AE6-CA72-4BB7-B2DE-D2AD135CC350}.Debug|x64.Build.0 = Debug|Any CPU
		{54531AE6-CA72-4BB7-B2DE-D2AD135CC350}.Debug|x86.ActiveCfg = Debug|Any CPU
		{54531AE6-CA72-4BB7-B2DE-D2AD135CC350}.Debug|x86.Build.0 = Debug|Any CPU
		{54531AE6-CA72-4BB7-B2DE-D2AD135CC350}.Release|Any CPU.ActiveCfg = Release|Any CPU
		{54531AE6-CA72-4BB7-B2DE-D2AD135CC350}.Release|Any CPU.Build.0 = Release|Any CPU
		{54531AE6-CA72-4BB7-B2DE-D2AD135CC350}.Release|x64.ActiveCfg = Release|Any CPU
		{54531AE6-CA72-4BB7-B2DE-D2AD135CC350}.Release|x64.Build.0 = Release|Any CPU
		{54531AE6-CA72-4BB7-B2DE-D2AD135CC350}.Release|x86.ActiveCfg = Release|Any CPU
		{54531AE6-CA72-4BB7-B2DE-D2AD135CC350}.Release|x86.Build.0 = Release|Any CPU
		{9BBC5D98-3C06-4BE1-B7F1-8DD4FD2542D5}.Debug|Any CPU.ActiveCfg = Debug|Any CPU
		{9BBC5D98-3C06-4BE1-B7F1-8DD4FD2542D5}.Debug|Any CPU.Build.0 = Debug|Any CPU
		{9BBC5D98-3C06-4BE1-B7F1-8DD4FD2542D5}.Debug|x64.ActiveCfg = Debug|Any CPU
		{9BBC5D98-3C06-4BE1-B7F1-8DD4FD2542D5}.Debug|x64.Build.0 = Debug|Any CPU
		{9BBC5D98-3C06-4BE1-B7F1-8DD4FD2542D5}.Debug|x86.ActiveCfg = Debug|Any CPU
		{9BBC5D98-3C06-4BE1-B7F1-8DD4FD2542D5}.Debug|x86.Build.0 = Debug|Any CPU
		{9BBC5D98-3C06-4BE1-B7F1-8DD4FD2542D5}.Release|Any CPU.ActiveCfg = Release|Any CPU
		{9BBC5D98-3C06-4BE1-B7F1-8DD4FD2542D5}.Release|Any CPU.Build.0 = Release|Any CPU
		{9BBC5D98-3C06-4BE1-B7F1-8DD4FD2542D5}.Release|x64.ActiveCfg = Release|Any CPU
		{9BBC5D98-3C06-4BE1-B7F1-8DD4FD2542D5}.Release|x64.Build.0 = Release|Any CPU
		{9BBC5D98-3C06-4BE1-B7F1-8DD4FD2542D5}.Release|x86.ActiveCfg = Release|Any CPU
		{9BBC5D98-3C06-4BE1-B7F1-8DD4FD2542D5}.Release|x86.Build.0 = Release|Any CPU
		{9B3275E9-00A5-4C56-9F9D-8BFC2F8AD567}.Debug|Any CPU.ActiveCfg = Debug|Any CPU
		{9B3275E9-00A5-4C56-9F9D-8BFC2F8AD567}.Debug|Any CPU.Build.0 = Debug|Any CPU
		{9B3275E9-00A5-4C56-9F9D-8BFC2F8AD567}.Debug|x64.ActiveCfg = Debug|Any CPU
		{9B3275E9-00A5-4C56-9F9D-8BFC2F8AD567}.Debug|x64.Build.0 = Debug|Any CPU
		{9B3275E9-00A5-4C56-9F9D-8BFC2F8AD567}.Debug|x86.ActiveCfg = Debug|Any CPU
		{9B3275E9-00A5-4C56-9F9D-8BFC2F8AD567}.Debug|x86.Build.0 = Debug|Any CPU
		{9B3275E9-00A5-4C56-9F9D-8BFC2F8AD567}.Release|Any CPU.ActiveCfg = Release|Any CPU
		{9B3275E9-00A5-4C56-9F9D-8BFC2F8AD567}.Release|Any CPU.Build.0 = Release|Any CPU
		{9B3275E9-00A5-4C56-9F9D-8BFC2F8AD567}.Release|x64.ActiveCfg = Release|Any CPU
		{9B3275E9-00A5-4C56-9F9D-8BFC2F8AD567}.Release|x64.Build.0 = Release|Any CPU
		{9B3275E9-00A5-4C56-9F9D-8BFC2F8AD567}.Release|x86.ActiveCfg = Release|Any CPU
		{9B3275E9-00A5-4C56-9F9D-8BFC2F8AD567}.Release|x86.Build.0 = Release|Any CPU
		{B2C0E6FD-56F7-4D17-9234-1FA8C128B304}.Debug|Any CPU.ActiveCfg = Debug|Any CPU
		{B2C0E6FD-56F7-4D17-9234-1FA8C128B304}.Debug|Any CPU.Build.0 = Debug|Any CPU
		{B2C0E6FD-56F7-4D17-9234-1FA8C128B304}.Debug|x64.ActiveCfg = Debug|Any CPU
		{B2C0E6FD-56F7-4D17-9234-1FA8C128B304}.Debug|x64.Build.0 = Debug|Any CPU
		{B2C0E6FD-56F7-4D17-9234-1FA8C128B304}.Debug|x86.ActiveCfg = Debug|Any CPU
		{B2C0E6FD-56F7-4D17-9234-1FA8C128B304}.Debug|x86.Build.0 = Debug|Any CPU
		{B2C0E6FD-56F7-4D17-9234-1FA8C128B304}.Release|Any CPU.ActiveCfg = Release|Any CPU
		{B2C0E6FD-56F7-4D17-9234-1FA8C128B304}.Release|Any CPU.Build.0 = Release|Any CPU
		{B2C0E6FD-56F7-4D17-9234-1FA8C128B304}.Release|x64.ActiveCfg = Release|Any CPU
		{B2C0E6FD-56F7-4D17-9234-1FA8C128B304}.Release|x64.Build.0 = Release|Any CPU
		{B2C0E6FD-56F7-4D17-9234-1FA8C128B304}.Release|x86.ActiveCfg = Release|Any CPU
		{B2C0E6FD-56F7-4D17-9234-1FA8C128B304}.Release|x86.Build.0 = Release|Any CPU
		{D6BDB0EF-2DEE-45D6-9BDC-358309922E69}.Debug|Any CPU.ActiveCfg = Debug|Any CPU
		{D6BDB0EF-2DEE-45D6-9BDC-358309922E69}.Debug|Any CPU.Build.0 = Debug|Any CPU
		{D6BDB0EF-2DEE-45D6-9BDC-358309922E69}.Debug|x64.ActiveCfg = Debug|Any CPU
		{D6BDB0EF-2DEE-45D6-9BDC-358309922E69}.Debug|x64.Build.0 = Debug|Any CPU
		{D6BDB0EF-2DEE-45D6-9BDC-358309922E69}.Debug|x86.ActiveCfg = Debug|Any CPU
		{D6BDB0EF-2DEE-45D6-9BDC-358309922E69}.Debug|x86.Build.0 = Debug|Any CPU
		{D6BDB0EF-2DEE-45D6-9BDC-358309922E69}.Release|Any CPU.ActiveCfg = Release|Any CPU
		{D6BDB0EF-2DEE-45D6-9BDC-358309922E69}.Release|Any CPU.Build.0 = Release|Any CPU
		{D6BDB0EF-2DEE-45D6-9BDC-358309922E69}.Release|x64.ActiveCfg = Release|Any CPU
		{D6BDB0EF-2DEE-45D6-9BDC-358309922E69}.Release|x64.Build.0 = Release|Any CPU
		{D6BDB0EF-2DEE-45D6-9BDC-358309922E69}.Release|x86.ActiveCfg = Release|Any CPU
		{D6BDB0EF-2DEE-45D6-9BDC-358309922E69}.Release|x86.Build.0 = Release|Any CPU
		{AA48E94F-AACC-4816-8CCB-17BC0EC35D45}.Debug|Any CPU.ActiveCfg = Debug|Any CPU
		{AA48E94F-AACC-4816-8CCB-17BC0EC35D45}.Debug|Any CPU.Build.0 = Debug|Any CPU
		{AA48E94F-AACC-4816-8CCB-17BC0EC35D45}.Debug|x64.ActiveCfg = Debug|Any CPU
		{AA48E94F-AACC-4816-8CCB-17BC0EC35D45}.Debug|x64.Build.0 = Debug|Any CPU
		{AA48E94F-AACC-4816-8CCB-17BC0EC35D45}.Debug|x86.ActiveCfg = Debug|Any CPU
		{AA48E94F-AACC-4816-8CCB-17BC0EC35D45}.Debug|x86.Build.0 = Debug|Any CPU
		{AA48E94F-AACC-4816-8CCB-17BC0EC35D45}.Release|Any CPU.ActiveCfg = Release|Any CPU
		{AA48E94F-AACC-4816-8CCB-17BC0EC35D45}.Release|Any CPU.Build.0 = Release|Any CPU
		{AA48E94F-AACC-4816-8CCB-17BC0EC35D45}.Release|x64.ActiveCfg = Release|Any CPU
		{AA48E94F-AACC-4816-8CCB-17BC0EC35D45}.Release|x64.Build.0 = Release|Any CPU
		{AA48E94F-AACC-4816-8CCB-17BC0EC35D45}.Release|x86.ActiveCfg = Release|Any CPU
		{AA48E94F-AACC-4816-8CCB-17BC0EC35D45}.Release|x86.Build.0 = Release|Any CPU
		{3E518C47-82D5-4D39-9769-B93A4D96B148}.Debug|Any CPU.ActiveCfg = Debug|Any CPU
		{3E518C47-82D5-4D39-9769-B93A4D96B148}.Debug|Any CPU.Build.0 = Debug|Any CPU
		{3E518C47-82D5-4D39-9769-B93A4D96B148}.Debug|x64.ActiveCfg = Debug|Any CPU
		{3E518C47-82D5-4D39-9769-B93A4D96B148}.Debug|x64.Build.0 = Debug|Any CPU
		{3E518C47-82D5-4D39-9769-B93A4D96B148}.Debug|x86.ActiveCfg = Debug|Any CPU
		{3E518C47-82D5-4D39-9769-B93A4D96B148}.Debug|x86.Build.0 = Debug|Any CPU
		{3E518C47-82D5-4D39-9769-B93A4D96B148}.Release|Any CPU.ActiveCfg = Release|Any CPU
		{3E518C47-82D5-4D39-9769-B93A4D96B148}.Release|Any CPU.Build.0 = Release|Any CPU
		{3E518C47-82D5-4D39-9769-B93A4D96B148}.Release|x64.ActiveCfg = Release|Any CPU
		{3E518C47-82D5-4D39-9769-B93A4D96B148}.Release|x64.Build.0 = Release|Any CPU
		{3E518C47-82D5-4D39-9769-B93A4D96B148}.Release|x86.ActiveCfg = Release|Any CPU
		{3E518C47-82D5-4D39-9769-B93A4D96B148}.Release|x86.Build.0 = Release|Any CPU
		{FE95F088-7B79-4355-80D1-76FABAD13484}.Debug|Any CPU.ActiveCfg = Debug|Any CPU
		{FE95F088-7B79-4355-80D1-76FABAD13484}.Debug|Any CPU.Build.0 = Debug|Any CPU
		{FE95F088-7B79-4355-80D1-76FABAD13484}.Debug|x64.ActiveCfg = Debug|Any CPU
		{FE95F088-7B79-4355-80D1-76FABAD13484}.Debug|x64.Build.0 = Debug|Any CPU
		{FE95F088-7B79-4355-80D1-76FABAD13484}.Debug|x86.ActiveCfg = Debug|Any CPU
		{FE95F088-7B79-4355-80D1-76FABAD13484}.Debug|x86.Build.0 = Debug|Any CPU
		{FE95F088-7B79-4355-80D1-76FABAD13484}.Release|Any CPU.ActiveCfg = Release|Any CPU
		{FE95F088-7B79-4355-80D1-76FABAD13484}.Release|Any CPU.Build.0 = Release|Any CPU
		{FE95F088-7B79-4355-80D1-76FABAD13484}.Release|x64.ActiveCfg = Release|Any CPU
		{FE95F088-7B79-4355-80D1-76FABAD13484}.Release|x64.Build.0 = Release|Any CPU
		{FE95F088-7B79-4355-80D1-76FABAD13484}.Release|x86.ActiveCfg = Release|Any CPU
		{FE95F088-7B79-4355-80D1-76FABAD13484}.Release|x86.Build.0 = Release|Any CPU
		{840326E9-36C0-4E3F-A442-6BEB33EEDE3A}.Debug|Any CPU.ActiveCfg = Debug|Any CPU
		{840326E9-36C0-4E3F-A442-6BEB33EEDE3A}.Debug|Any CPU.Build.0 = Debug|Any CPU
		{840326E9-36C0-4E3F-A442-6BEB33EEDE3A}.Debug|x64.ActiveCfg = Debug|Any CPU
		{840326E9-36C0-4E3F-A442-6BEB33EEDE3A}.Debug|x64.Build.0 = Debug|Any CPU
		{840326E9-36C0-4E3F-A442-6BEB33EEDE3A}.Debug|x86.ActiveCfg = Debug|Any CPU
		{840326E9-36C0-4E3F-A442-6BEB33EEDE3A}.Debug|x86.Build.0 = Debug|Any CPU
		{840326E9-36C0-4E3F-A442-6BEB33EEDE3A}.Release|Any CPU.ActiveCfg = Release|Any CPU
		{840326E9-36C0-4E3F-A442-6BEB33EEDE3A}.Release|Any CPU.Build.0 = Release|Any CPU
		{840326E9-36C0-4E3F-A442-6BEB33EEDE3A}.Release|x64.ActiveCfg = Release|Any CPU
		{840326E9-36C0-4E3F-A442-6BEB33EEDE3A}.Release|x64.Build.0 = Release|Any CPU
		{840326E9-36C0-4E3F-A442-6BEB33EEDE3A}.Release|x86.ActiveCfg = Release|Any CPU
		{840326E9-36C0-4E3F-A442-6BEB33EEDE3A}.Release|x86.Build.0 = Release|Any CPU
		{FEF439BD-453A-4FC5-B390-30CB59D0E233}.Debug|Any CPU.ActiveCfg = Debug|Any CPU
		{FEF439BD-453A-4FC5-B390-30CB59D0E233}.Debug|Any CPU.Build.0 = Debug|Any CPU
		{FEF439BD-453A-4FC5-B390-30CB59D0E233}.Debug|x64.ActiveCfg = Debug|Any CPU
		{FEF439BD-453A-4FC5-B390-30CB59D0E233}.Debug|x64.Build.0 = Debug|Any CPU
		{FEF439BD-453A-4FC5-B390-30CB59D0E233}.Debug|x86.ActiveCfg = Debug|Any CPU
		{FEF439BD-453A-4FC5-B390-30CB59D0E233}.Debug|x86.Build.0 = Debug|Any CPU
		{FEF439BD-453A-4FC5-B390-30CB59D0E233}.Release|Any CPU.ActiveCfg = Release|Any CPU
		{FEF439BD-453A-4FC5-B390-30CB59D0E233}.Release|Any CPU.Build.0 = Release|Any CPU
		{FEF439BD-453A-4FC5-B390-30CB59D0E233}.Release|x64.ActiveCfg = Release|Any CPU
		{FEF439BD-453A-4FC5-B390-30CB59D0E233}.Release|x64.Build.0 = Release|Any CPU
		{FEF439BD-453A-4FC5-B390-30CB59D0E233}.Release|x86.ActiveCfg = Release|Any CPU
		{FEF439BD-453A-4FC5-B390-30CB59D0E233}.Release|x86.Build.0 = Release|Any CPU
		{4F763C49-76A7-4C73-A48A-9AD4C25C7704}.Debug|Any CPU.ActiveCfg = Debug|Any CPU
		{4F763C49-76A7-4C73-A48A-9AD4C25C7704}.Debug|Any CPU.Build.0 = Debug|Any CPU
		{4F763C49-76A7-4C73-A48A-9AD4C25C7704}.Debug|x64.ActiveCfg = Debug|Any CPU
		{4F763C49-76A7-4C73-A48A-9AD4C25C7704}.Debug|x64.Build.0 = Debug|Any CPU
		{4F763C49-76A7-4C73-A48A-9AD4C25C7704}.Debug|x86.ActiveCfg = Debug|Any CPU
		{4F763C49-76A7-4C73-A48A-9AD4C25C7704}.Debug|x86.Build.0 = Debug|Any CPU
		{4F763C49-76A7-4C73-A48A-9AD4C25C7704}.Release|Any CPU.ActiveCfg = Release|Any CPU
		{4F763C49-76A7-4C73-A48A-9AD4C25C7704}.Release|Any CPU.Build.0 = Release|Any CPU
		{4F763C49-76A7-4C73-A48A-9AD4C25C7704}.Release|x64.ActiveCfg = Release|Any CPU
		{4F763C49-76A7-4C73-A48A-9AD4C25C7704}.Release|x64.Build.0 = Release|Any CPU
		{4F763C49-76A7-4C73-A48A-9AD4C25C7704}.Release|x86.ActiveCfg = Release|Any CPU
		{4F763C49-76A7-4C73-A48A-9AD4C25C7704}.Release|x86.Build.0 = Release|Any CPU
	EndGlobalSection
	GlobalSection(SolutionProperties) = preSolution
		HideSolutionNode = FALSE
	EndGlobalSection
	GlobalSection(NestedProjects) = preSolution
		{739CEE20-4A1E-43ED-851E-A0A858B03274} = {190F6598-3716-45D5-95B9-B8445CD93C03}
		{CA6002D0-0B66-4903-8FBA-C484F123335C} = {739CEE20-4A1E-43ED-851E-A0A858B03274}
		{407E7216-F92E-4892-934E-8820759C842C} = {739CEE20-4A1E-43ED-851E-A0A858B03274}
		{EE52A818-6A0E-4AE1-B63B-22333A4A8121} = {407E7216-F92E-4892-934E-8820759C842C}
		{E4854011-413B-4736-88E4-C60761E47CD5} = {C711FDDA-E4A9-4411-B166-4D4160D6F48F}
		{324DC329-4B93-471E-B453-8AA7BE194357} = {E4854011-413B-4736-88E4-C60761E47CD5}
		{66FCA3A8-E685-484B-8958-FF324394088F} = {324DC329-4B93-471E-B453-8AA7BE194357}
		{6ADDFCB2-4435-43D7-B652-83224B0DD22E} = {407E7216-F92E-4892-934E-8820759C842C}
		{7BD356A2-6DDB-4E68-8998-2083A93B0608} = {6ADDFCB2-4435-43D7-B652-83224B0DD22E}
		{699DE663-748B-439C-B418-2BE0CCC5A195} = {6ADDFCB2-4435-43D7-B652-83224B0DD22E}
		{8E1A28F3-D8E2-42F5-B4AA-524B0CB1A2E8} = {6ADDFCB2-4435-43D7-B652-83224B0DD22E}
		{FADA74C7-E065-4A23-83B8-CA7765A3453D} = {739CEE20-4A1E-43ED-851E-A0A858B03274}
		{E0532B49-F5BF-408B-8EAD-DD7978D5C9AB} = {FADA74C7-E065-4A23-83B8-CA7765A3453D}
		{54531AE6-CA72-4BB7-B2DE-D2AD135CC350} = {FADA74C7-E065-4A23-83B8-CA7765A3453D}
		{9BBC5D98-3C06-4BE1-B7F1-8DD4FD2542D5} = {FADA74C7-E065-4A23-83B8-CA7765A3453D}
		{9B3275E9-00A5-4C56-9F9D-8BFC2F8AD567} = {739CEE20-4A1E-43ED-851E-A0A858B03274}
		{ACF771ED-8D7D-40EF-973A-6583DCD5F8A9} = {739CEE20-4A1E-43ED-851E-A0A858B03274}
		{B2C0E6FD-56F7-4D17-9234-1FA8C128B304} = {ACF771ED-8D7D-40EF-973A-6583DCD5F8A9}
		{D6BDB0EF-2DEE-45D6-9BDC-358309922E69} = {ACF771ED-8D7D-40EF-973A-6583DCD5F8A9}
		{CB53D559-34AB-4018-BA3B-63D6D5481D73} = {E4854011-413B-4736-88E4-C60761E47CD5}
		{AA48E94F-AACC-4816-8CCB-17BC0EC35D45} = {CB53D559-34AB-4018-BA3B-63D6D5481D73}
		{3E518C47-82D5-4D39-9769-B93A4D96B148} = {739CEE20-4A1E-43ED-851E-A0A858B03274}
		{F50F6990-2174-4A0B-95C5-A72F00382DC9} = {739CEE20-4A1E-43ED-851E-A0A858B03274}
		{8277BCB0-341C-4D45-8395-3AA5E3F3CFD8} = {E4854011-413B-4736-88E4-C60761E47CD5}
		{F91C59DE-696F-400E-9261-9DF303163605} = {F50F6990-2174-4A0B-95C5-A72F00382DC9}
		{FE95F088-7B79-4355-80D1-76FABAD13484} = {F91C59DE-696F-400E-9261-9DF303163605}
		{2AAEB3F9-D220-446F-8C73-18C6CF46B42C} = {8277BCB0-341C-4D45-8395-3AA5E3F3CFD8}
		{840326E9-36C0-4E3F-A442-6BEB33EEDE3A} = {2AAEB3F9-D220-446F-8C73-18C6CF46B42C}
		{7003F936-4E49-4106-883B-DB7F287E6A62} = {739CEE20-4A1E-43ED-851E-A0A858B03274}
		{FEF439BD-453A-4FC5-B390-30CB59D0E233} = {7003F936-4E49-4106-883B-DB7F287E6A62}
		{4F763C49-76A7-4C73-A48A-9AD4C25C7704} = {7003F936-4E49-4106-883B-DB7F287E6A62}
	EndGlobalSection
	GlobalSection(ExtensibilityGlobals) = postSolution
		SolutionGuid = {825E0DB7-0B52-4DBB-AFC7-F6C0C6AAFEA0}
	EndGlobalSection
EndGlobal
