
Microsoft Visual Studio Solution File, Format Version 12.00
# Visual Studio Version 17
VisualStudioVersion = 17.0.32014.148
MinimumVisualStudioVersion = 10.0.40219.1
Project("{2150E333-8FDC-42A3-9474-1A3956D46DE8}") = "src", "src", "{DB0BE095-9A1D-47BB-92A9-2D6C11A895CE}"
EndProject
Project("{2150E333-8FDC-42A3-9474-1A3956D46DE8}") = "tests", "tests", "{B255AD95-FC43-41F3-9439-8CAEABFD3C61}"
EndProject
Project("{9A19103F-16F7-4668-BE54-9A1E7A4F7556}") = "MagiCore.Extensions", "src\MagiCore.Extensions\MagiCore.Extensions.csproj", "{98861003-8D99-4A64-A34A-1FA9C3F757F8}"
EndProject
Project("{2150E333-8FDC-42A3-9474-1A3956D46DE8}") = "DataAccess", "DataAccess", "{BBCF5C14-9697-4544-97C9-25FE0D185F2E}"
EndProject
Project("{9A19103F-16F7-4668-BE54-9A1E7A4F7556}") = "MagiCore.DataAccess", "src\DataAccess\MagiCore.DataAccess\MagiCore.DataAccess.csproj", "{CB6E10AB-B149-4E76-A9F0-FD12754D37CA}"
EndProject
Project("{9A19103F-16F7-4668-BE54-9A1E7A4F7556}") = "MagiCore.DataAccess.EntityFramework", "src\DataAccess\MagiCore.DataAccess.EntityFramework\MagiCore.DataAccess.EntityFramework.csproj", "{476B77E5-3555-43E5-AE75-1EFA96E44DDD}"
EndProject
Project("{9A19103F-16F7-4668-BE54-9A1E7A4F7556}") = "MagiCore.DataAccess.Mongo", "src\DataAccess\MagiCore.DataAccess.Mongo\MagiCore.DataAccess.Mongo.csproj", "{8043206E-34A8-40A5-98A0-19E5F7FC9751}"
EndProject
Project("{2150E333-8FDC-42A3-9474-1A3956D46DE8}") = "Mapping", "Mapping", "{FB054305-BD6D-4F84-91E7-1A1D6CA7D59A}"
EndProject
Project("{9A19103F-16F7-4668-BE54-9A1E7A4F7556}") = "MagiCore.Mapping", "src\Mapping\MagiCore.Mapping\MagiCore.Mapping.csproj", "{8DC7DD2E-07A0-41E9-917F-2F74E95A8983}"
EndProject
Project("{9A19103F-16F7-4668-BE54-9A1E7A4F7556}") = "MagiCore.Mapping.AutoMapper", "src\Mapping\MagiCore.Mapping.AutoMapper\MagiCore.Mapping.AutoMapper.csproj", "{56E01AC5-B6D3-4654-9DA2-A0E0CF7A9715}"
EndProject
Project("{9A19103F-16F7-4668-BE54-9A1E7A4F7556}") = "MagiCore.Messaging", "src\MagiCore.Messaging\MagiCore.Messaging.csproj", "{EAD38BC6-97BC-4BBF-B08C-2B833157B0A4}"
EndProject
Project("{9A19103F-16F7-4668-BE54-9A1E7A4F7556}") = "MagiCore.Results", "src\MagiCore.Results\MagiCore.Results.csproj", "{CFF54BDD-A08D-4E2F-9C5B-7638BEE62BA6}"
EndProject
Project("{9A19103F-16F7-4668-BE54-9A1E7A4F7556}") = "MagiCore.Exceptions", "src\MagiCore.Exceptions\MagiCore.Exceptions.csproj", "{AE60A69E-9CFB-4136-AE46-812C4CCB830F}"
EndProject
Project("{9A19103F-16F7-4668-BE54-9A1E7A4F7556}") = "MagiCore.ExceptionHandlers", "src\MagiCore.ExceptionHandlers\MagiCore.ExceptionHandlers.csproj", "{89EEFFEE-BFCD-4F6D-8F79-4C38DCF053D9}"
EndProject
Project("{2150E333-8FDC-42A3-9474-1A3956D46DE8}") = "Validation", "Validation", "{6DF9BDFE-DB28-4E49-A17E-B2423ACEF3EA}"
EndProject
Project("{9A19103F-16F7-4668-BE54-9A1E7A4F7556}") = "MagiCore.Validation", "src\Validation\MagiCore.Validation\MagiCore.Validation.csproj", "{8DB6C8EE-EE6A-4753-A56B-F52FB32988B3}"
EndProject
Project("{9A19103F-16F7-4668-BE54-9A1E7A4F7556}") = "MagiCore.Validation.FluentValidation", "src\Validation\MagiCore.Validation.FluentValidation\MagiCore.Validation.FluentValidation.csproj", "{F4D686A3-A19F-482C-9911-A058618ADD9C}"
EndProject
Project("{9A19103F-16F7-4668-BE54-9A1E7A4F7556}") = "MagiCore.Middleware", "src\MagiCore.Middleware\MagiCore.Middleware.csproj", "{06ECB34B-BDF7-49AB-B4AB-DF3D15B1493A}"
EndProject
Project("{9A19103F-16F7-4668-BE54-9A1E7A4F7556}") = "MagiCore.API", "src\MagiCore.API\MagiCore.API.csproj", "{1FE63777-BD00-4DC8-8134-01A26F2DB467}"
EndProject
Project("{2150E333-8FDC-42A3-9474-1A3956D46DE8}") = "Aspects", "Aspects", "{0A32EF69-AE52-4F01-8438-32F170986295}"
EndProject
Project("{2150E333-8FDC-42A3-9474-1A3956D46DE8}") = "Aspects", "Aspects", "{5A4DD005-4678-4A8D-93A0-6777749E8D51}"
EndProject
Project("{9A19103F-16F7-4668-BE54-9A1E7A4F7556}") = "MagiCore.Results.Tests", "tests\MagiCore.Results.Tests\MagiCore.Results.Tests.csproj", "{32DABD1C-CF54-4B8C-8B93-298D222CB72B}"
EndProject
Project("{2150E333-8FDC-42A3-9474-1A3956D46DE8}") = "Validation", "Validation", "{71D90D93-11CA-4422-B32D-A94FBDEF5CA4}"
EndProject
Project("{9A19103F-16F7-4668-BE54-9A1E7A4F7556}") = "MagiCore.Validation.FluentValidation.Tests", "src\Validation\MagiCore.Validation.FluentValidation.Tests\MagiCore.Validation.FluentValidation.Tests.csproj", "{CEB461B0-405E-4AA0-BE7C-CEFB89A4F750}"
EndProject
Project("{9A19103F-16F7-4668-BE54-9A1E7A4F7556}") = "MagiCore.Model", "src\MagiCore.Model\MagiCore.Model.csproj", "{8C7628DA-FB73-4E0A-AACB-449A4316C7F1}"
EndProject
Project("{9A19103F-16F7-4668-BE54-9A1E7A4F7556}") = "MagiCore.DI", "src\MagiCore.DI\MagiCore.DI.csproj", "{5302C70E-1F8D-47A7-AB0B-EBBAB0AD0C42}"
EndProject
Project("{9A19103F-16F7-4668-BE54-9A1E7A4F7556}") = "MagiCore.Identity", "src\MagiCore.Identity\MagiCore.Identity.csproj", "{89760FD8-19A1-4A21-AF22-E6705D42B3E4}"
EndProject
Project("{9A19103F-16F7-4668-BE54-9A1E7A4F7556}") = "MagiCore.Mapping.MapsterMapper", "src\Mapping\MagiCore.Mapping.MapsterMapper\MagiCore.Mapping.MapsterMapper.csproj", "{A38B2D47-0E8C-41AF-BB31-3DBD90BBFA9C}"
EndProject
Project("{9A19103F-16F7-4668-BE54-9A1E7A4F7556}") = "MagiCore.Aspects.PostSharp", "src\Aspects\MagiCore.Aspects.PostSharp\MagiCore.Aspects.PostSharp.csproj", "{FBCB0E44-B474-4D31-BEE6-879BD4183E91}"
EndProject
Project("{FAE04EC0-301F-11D3-BF4B-00C04F79EFBC}") = "MagiCore.Aspects.PostSharp.Tests", "tests\Aspects\MagiCore.Aspects.PostSharp.Tests\MagiCore.Aspects.PostSharp.Tests.csproj", "{2695EC83-0A01-4EE9-B8D2-9386C2ED32D1}"
EndProject
Global
	GlobalSection(SolutionConfigurationPlatforms) = preSolution
		Debug|Any CPU = Debug|Any CPU
		Release|Any CPU = Release|Any CPU
	EndGlobalSection
	GlobalSection(ProjectConfigurationPlatforms) = postSolution
		{98861003-8D99-4A64-A34A-1FA9C3F757F8}.Debug|Any CPU.ActiveCfg = Debug|Any CPU
		{98861003-8D99-4A64-A34A-1FA9C3F757F8}.Debug|Any CPU.Build.0 = Debug|Any CPU
		{98861003-8D99-4A64-A34A-1FA9C3F757F8}.Release|Any CPU.ActiveCfg = Release|Any CPU
		{98861003-8D99-4A64-A34A-1FA9C3F757F8}.Release|Any CPU.Build.0 = Release|Any CPU
		{CB6E10AB-B149-4E76-A9F0-FD12754D37CA}.Debug|Any CPU.ActiveCfg = Debug|Any CPU
		{CB6E10AB-B149-4E76-A9F0-FD12754D37CA}.Debug|Any CPU.Build.0 = Debug|Any CPU
		{CB6E10AB-B149-4E76-A9F0-FD12754D37CA}.Release|Any CPU.ActiveCfg = Release|Any CPU
		{CB6E10AB-B149-4E76-A9F0-FD12754D37CA}.Release|Any CPU.Build.0 = Release|Any CPU
		{476B77E5-3555-43E5-AE75-1EFA96E44DDD}.Debug|Any CPU.ActiveCfg = Debug|Any CPU
		{476B77E5-3555-43E5-AE75-1EFA96E44DDD}.Debug|Any CPU.Build.0 = Debug|Any CPU
		{476B77E5-3555-43E5-AE75-1EFA96E44DDD}.Release|Any CPU.ActiveCfg = Release|Any CPU
		{476B77E5-3555-43E5-AE75-1EFA96E44DDD}.Release|Any CPU.Build.0 = Release|Any CPU
		{8043206E-34A8-40A5-98A0-19E5F7FC9751}.Debug|Any CPU.ActiveCfg = Debug|Any CPU
		{8043206E-34A8-40A5-98A0-19E5F7FC9751}.Debug|Any CPU.Build.0 = Debug|Any CPU
		{8043206E-34A8-40A5-98A0-19E5F7FC9751}.Release|Any CPU.ActiveCfg = Release|Any CPU
		{8043206E-34A8-40A5-98A0-19E5F7FC9751}.Release|Any CPU.Build.0 = Release|Any CPU
		{8DC7DD2E-07A0-41E9-917F-2F74E95A8983}.Debug|Any CPU.ActiveCfg = Debug|Any CPU
		{8DC7DD2E-07A0-41E9-917F-2F74E95A8983}.Debug|Any CPU.Build.0 = Debug|Any CPU
		{8DC7DD2E-07A0-41E9-917F-2F74E95A8983}.Release|Any CPU.ActiveCfg = Release|Any CPU
		{8DC7DD2E-07A0-41E9-917F-2F74E95A8983}.Release|Any CPU.Build.0 = Release|Any CPU
		{56E01AC5-B6D3-4654-9DA2-A0E0CF7A9715}.Debug|Any CPU.ActiveCfg = Debug|Any CPU
		{56E01AC5-B6D3-4654-9DA2-A0E0CF7A9715}.Debug|Any CPU.Build.0 = Debug|Any CPU
		{56E01AC5-B6D3-4654-9DA2-A0E0CF7A9715}.Release|Any CPU.ActiveCfg = Release|Any CPU
		{56E01AC5-B6D3-4654-9DA2-A0E0CF7A9715}.Release|Any CPU.Build.0 = Release|Any CPU
		{EAD38BC6-97BC-4BBF-B08C-2B833157B0A4}.Debug|Any CPU.ActiveCfg = Debug|Any CPU
		{EAD38BC6-97BC-4BBF-B08C-2B833157B0A4}.Debug|Any CPU.Build.0 = Debug|Any CPU
		{EAD38BC6-97BC-4BBF-B08C-2B833157B0A4}.Release|Any CPU.ActiveCfg = Release|Any CPU
		{EAD38BC6-97BC-4BBF-B08C-2B833157B0A4}.Release|Any CPU.Build.0 = Release|Any CPU
		{CFF54BDD-A08D-4E2F-9C5B-7638BEE62BA6}.Debug|Any CPU.ActiveCfg = Debug|Any CPU
		{CFF54BDD-A08D-4E2F-9C5B-7638BEE62BA6}.Debug|Any CPU.Build.0 = Debug|Any CPU
		{CFF54BDD-A08D-4E2F-9C5B-7638BEE62BA6}.Release|Any CPU.ActiveCfg = Release|Any CPU
		{CFF54BDD-A08D-4E2F-9C5B-7638BEE62BA6}.Release|Any CPU.Build.0 = Release|Any CPU
		{AE60A69E-9CFB-4136-AE46-812C4CCB830F}.Debug|Any CPU.ActiveCfg = Debug|Any CPU
		{AE60A69E-9CFB-4136-AE46-812C4CCB830F}.Debug|Any CPU.Build.0 = Debug|Any CPU
		{AE60A69E-9CFB-4136-AE46-812C4CCB830F}.Release|Any CPU.ActiveCfg = Release|Any CPU
		{AE60A69E-9CFB-4136-AE46-812C4CCB830F}.Release|Any CPU.Build.0 = Release|Any CPU
		{89EEFFEE-BFCD-4F6D-8F79-4C38DCF053D9}.Debug|Any CPU.ActiveCfg = Debug|Any CPU
		{89EEFFEE-BFCD-4F6D-8F79-4C38DCF053D9}.Debug|Any CPU.Build.0 = Debug|Any CPU
		{89EEFFEE-BFCD-4F6D-8F79-4C38DCF053D9}.Release|Any CPU.ActiveCfg = Release|Any CPU
		{89EEFFEE-BFCD-4F6D-8F79-4C38DCF053D9}.Release|Any CPU.Build.0 = Release|Any CPU
		{8DB6C8EE-EE6A-4753-A56B-F52FB32988B3}.Debug|Any CPU.ActiveCfg = Debug|Any CPU
		{8DB6C8EE-EE6A-4753-A56B-F52FB32988B3}.Debug|Any CPU.Build.0 = Debug|Any CPU
		{8DB6C8EE-EE6A-4753-A56B-F52FB32988B3}.Release|Any CPU.ActiveCfg = Release|Any CPU
		{8DB6C8EE-EE6A-4753-A56B-F52FB32988B3}.Release|Any CPU.Build.0 = Release|Any CPU
		{F4D686A3-A19F-482C-9911-A058618ADD9C}.Debug|Any CPU.ActiveCfg = Debug|Any CPU
		{F4D686A3-A19F-482C-9911-A058618ADD9C}.Debug|Any CPU.Build.0 = Debug|Any CPU
		{F4D686A3-A19F-482C-9911-A058618ADD9C}.Release|Any CPU.ActiveCfg = Release|Any CPU
		{F4D686A3-A19F-482C-9911-A058618ADD9C}.Release|Any CPU.Build.0 = Release|Any CPU
		{06ECB34B-BDF7-49AB-B4AB-DF3D15B1493A}.Debug|Any CPU.ActiveCfg = Debug|Any CPU
		{06ECB34B-BDF7-49AB-B4AB-DF3D15B1493A}.Debug|Any CPU.Build.0 = Debug|Any CPU
		{06ECB34B-BDF7-49AB-B4AB-DF3D15B1493A}.Release|Any CPU.ActiveCfg = Release|Any CPU
		{06ECB34B-BDF7-49AB-B4AB-DF3D15B1493A}.Release|Any CPU.Build.0 = Release|Any CPU
		{1FE63777-BD00-4DC8-8134-01A26F2DB467}.Debug|Any CPU.ActiveCfg = Debug|Any CPU
		{1FE63777-BD00-4DC8-8134-01A26F2DB467}.Debug|Any CPU.Build.0 = Debug|Any CPU
		{1FE63777-BD00-4DC8-8134-01A26F2DB467}.Release|Any CPU.ActiveCfg = Release|Any CPU
		{1FE63777-BD00-4DC8-8134-01A26F2DB467}.Release|Any CPU.Build.0 = Release|Any CPU
		{32DABD1C-CF54-4B8C-8B93-298D222CB72B}.Debug|Any CPU.ActiveCfg = Debug|Any CPU
		{32DABD1C-CF54-4B8C-8B93-298D222CB72B}.Debug|Any CPU.Build.0 = Debug|Any CPU
		{32DABD1C-CF54-4B8C-8B93-298D222CB72B}.Release|Any CPU.ActiveCfg = Release|Any CPU
		{32DABD1C-CF54-4B8C-8B93-298D222CB72B}.Release|Any CPU.Build.0 = Release|Any CPU
		{CEB461B0-405E-4AA0-BE7C-CEFB89A4F750}.Debug|Any CPU.ActiveCfg = Debug|Any CPU
		{CEB461B0-405E-4AA0-BE7C-CEFB89A4F750}.Debug|Any CPU.Build.0 = Debug|Any CPU
		{CEB461B0-405E-4AA0-BE7C-CEFB89A4F750}.Release|Any CPU.ActiveCfg = Release|Any CPU
		{CEB461B0-405E-4AA0-BE7C-CEFB89A4F750}.Release|Any CPU.Build.0 = Release|Any CPU
		{8C7628DA-FB73-4E0A-AACB-449A4316C7F1}.Debug|Any CPU.ActiveCfg = Debug|Any CPU
		{8C7628DA-FB73-4E0A-AACB-449A4316C7F1}.Debug|Any CPU.Build.0 = Debug|Any CPU
		{8C7628DA-FB73-4E0A-AACB-449A4316C7F1}.Release|Any CPU.ActiveCfg = Release|Any CPU
		{8C7628DA-FB73-4E0A-AACB-449A4316C7F1}.Release|Any CPU.Build.0 = Release|Any CPU
		{5302C70E-1F8D-47A7-AB0B-EBBAB0AD0C42}.Debug|Any CPU.ActiveCfg = Debug|Any CPU
		{5302C70E-1F8D-47A7-AB0B-EBBAB0AD0C42}.Debug|Any CPU.Build.0 = Debug|Any CPU
		{5302C70E-1F8D-47A7-AB0B-EBBAB0AD0C42}.Release|Any CPU.ActiveCfg = Release|Any CPU
		{5302C70E-1F8D-47A7-AB0B-EBBAB0AD0C42}.Release|Any CPU.Build.0 = Release|Any CPU
		{89760FD8-19A1-4A21-AF22-E6705D42B3E4}.Debug|Any CPU.ActiveCfg = Debug|Any CPU
		{89760FD8-19A1-4A21-AF22-E6705D42B3E4}.Debug|Any CPU.Build.0 = Debug|Any CPU
		{89760FD8-19A1-4A21-AF22-E6705D42B3E4}.Release|Any CPU.ActiveCfg = Release|Any CPU
		{89760FD8-19A1-4A21-AF22-E6705D42B3E4}.Release|Any CPU.Build.0 = Release|Any CPU
		{A38B2D47-0E8C-41AF-BB31-3DBD90BBFA9C}.Debug|Any CPU.ActiveCfg = Debug|Any CPU
		{A38B2D47-0E8C-41AF-BB31-3DBD90BBFA9C}.Debug|Any CPU.Build.0 = Debug|Any CPU
		{A38B2D47-0E8C-41AF-BB31-3DBD90BBFA9C}.Release|Any CPU.ActiveCfg = Release|Any CPU
		{A38B2D47-0E8C-41AF-BB31-3DBD90BBFA9C}.Release|Any CPU.Build.0 = Release|Any CPU
		{FBCB0E44-B474-4D31-BEE6-879BD4183E91}.Debug|Any CPU.ActiveCfg = Debug|Any CPU
		{FBCB0E44-B474-4D31-BEE6-879BD4183E91}.Debug|Any CPU.Build.0 = Debug|Any CPU
		{FBCB0E44-B474-4D31-BEE6-879BD4183E91}.Release|Any CPU.ActiveCfg = Release|Any CPU
		{FBCB0E44-B474-4D31-BEE6-879BD4183E91}.Release|Any CPU.Build.0 = Release|Any CPU
		{2695EC83-0A01-4EE9-B8D2-9386C2ED32D1}.Debug|Any CPU.ActiveCfg = Debug|Any CPU
		{2695EC83-0A01-4EE9-B8D2-9386C2ED32D1}.Debug|Any CPU.Build.0 = Debug|Any CPU
		{2695EC83-0A01-4EE9-B8D2-9386C2ED32D1}.Release|Any CPU.ActiveCfg = Release|Any CPU
		{2695EC83-0A01-4EE9-B8D2-9386C2ED32D1}.Release|Any CPU.Build.0 = Release|Any CPU
	EndGlobalSection
	GlobalSection(SolutionProperties) = preSolution
		HideSolutionNode = FALSE
	EndGlobalSection
	GlobalSection(NestedProjects) = preSolution
		{98861003-8D99-4A64-A34A-1FA9C3F757F8} = {DB0BE095-9A1D-47BB-92A9-2D6C11A895CE}
		{BBCF5C14-9697-4544-97C9-25FE0D185F2E} = {DB0BE095-9A1D-47BB-92A9-2D6C11A895CE}
		{CB6E10AB-B149-4E76-A9F0-FD12754D37CA} = {BBCF5C14-9697-4544-97C9-25FE0D185F2E}
		{476B77E5-3555-43E5-AE75-1EFA96E44DDD} = {BBCF5C14-9697-4544-97C9-25FE0D185F2E}
		{8043206E-34A8-40A5-98A0-19E5F7FC9751} = {BBCF5C14-9697-4544-97C9-25FE0D185F2E}
		{FB054305-BD6D-4F84-91E7-1A1D6CA7D59A} = {DB0BE095-9A1D-47BB-92A9-2D6C11A895CE}
		{8DC7DD2E-07A0-41E9-917F-2F74E95A8983} = {FB054305-BD6D-4F84-91E7-1A1D6CA7D59A}
		{56E01AC5-B6D3-4654-9DA2-A0E0CF7A9715} = {FB054305-BD6D-4F84-91E7-1A1D6CA7D59A}
		{EAD38BC6-97BC-4BBF-B08C-2B833157B0A4} = {DB0BE095-9A1D-47BB-92A9-2D6C11A895CE}
		{CFF54BDD-A08D-4E2F-9C5B-7638BEE62BA6} = {DB0BE095-9A1D-47BB-92A9-2D6C11A895CE}
		{AE60A69E-9CFB-4136-AE46-812C4CCB830F} = {DB0BE095-9A1D-47BB-92A9-2D6C11A895CE}
		{89EEFFEE-BFCD-4F6D-8F79-4C38DCF053D9} = {DB0BE095-9A1D-47BB-92A9-2D6C11A895CE}
		{6DF9BDFE-DB28-4E49-A17E-B2423ACEF3EA} = {DB0BE095-9A1D-47BB-92A9-2D6C11A895CE}
		{8DB6C8EE-EE6A-4753-A56B-F52FB32988B3} = {6DF9BDFE-DB28-4E49-A17E-B2423ACEF3EA}
		{F4D686A3-A19F-482C-9911-A058618ADD9C} = {6DF9BDFE-DB28-4E49-A17E-B2423ACEF3EA}
		{06ECB34B-BDF7-49AB-B4AB-DF3D15B1493A} = {DB0BE095-9A1D-47BB-92A9-2D6C11A895CE}
		{1FE63777-BD00-4DC8-8134-01A26F2DB467} = {DB0BE095-9A1D-47BB-92A9-2D6C11A895CE}
		{0A32EF69-AE52-4F01-8438-32F170986295} = {DB0BE095-9A1D-47BB-92A9-2D6C11A895CE}
		{5A4DD005-4678-4A8D-93A0-6777749E8D51} = {B255AD95-FC43-41F3-9439-8CAEABFD3C61}
		{32DABD1C-CF54-4B8C-8B93-298D222CB72B} = {B255AD95-FC43-41F3-9439-8CAEABFD3C61}
		{71D90D93-11CA-4422-B32D-A94FBDEF5CA4} = {B255AD95-FC43-41F3-9439-8CAEABFD3C61}
		{CEB461B0-405E-4AA0-BE7C-CEFB89A4F750} = {71D90D93-11CA-4422-B32D-A94FBDEF5CA4}
		{8C7628DA-FB73-4E0A-AACB-449A4316C7F1} = {DB0BE095-9A1D-47BB-92A9-2D6C11A895CE}
		{5302C70E-1F8D-47A7-AB0B-EBBAB0AD0C42} = {DB0BE095-9A1D-47BB-92A9-2D6C11A895CE}
		{89760FD8-19A1-4A21-AF22-E6705D42B3E4} = {DB0BE095-9A1D-47BB-92A9-2D6C11A895CE}
		{A38B2D47-0E8C-41AF-BB31-3DBD90BBFA9C} = {FB054305-BD6D-4F84-91E7-1A1D6CA7D59A}
		{FBCB0E44-B474-4D31-BEE6-879BD4183E91} = {0A32EF69-AE52-4F01-8438-32F170986295}
		{2695EC83-0A01-4EE9-B8D2-9386C2ED32D1} = {5A4DD005-4678-4A8D-93A0-6777749E8D51}
	EndGlobalSection
	GlobalSection(ExtensibilityGlobals) = postSolution
		SolutionGuid = {F3AD14FE-EE5B-4905-8342-2B556D272910}
	EndGlobalSection
EndGlobal
